// !$*UTF8*$!
{
	archiveVersion = 1;
	classes = {
	};
	objectVersion = 46;
	objects = {

/* Begin PBXBuildFile section */
		074B6C9C1BB9D2380065192B /* main.cpp in Sources */ = {isa = PBXBuildFile; fileRef = 074B6C9B1BB9D2380065192B /* main.cpp */; };
		074B6CA31BB9D2780065192B /* Cocoa.framework in Frameworks */ = {isa = PBXBuildFile; fileRef = 074B6CA21BB9D2780065192B /* Cocoa.framework */; };
		074B6CA51BB9D27D0065192B /* OpenGL.framework in Frameworks */ = {isa = PBXBuildFile; fileRef = 074B6CA41BB9D27D0065192B /* OpenGL.framework */; };
		075C67331BBA2FE200CB87DE /* libglfw3.a in Frameworks */ = {isa = PBXBuildFile; fileRef = 075C67321BBA2FE200CB87DE /* libglfw3.a */; };
		075C67351BBA2FEC00CB87DE /* IOKit.framework in Frameworks */ = {isa = PBXBuildFile; fileRef = 075C67341BBA2FEC00CB87DE /* IOKit.framework */; };
		075C67371BBA30BE00CB87DE /* CoreVideo.framework in Frameworks */ = {isa = PBXBuildFile; fileRef = 075C67361BBA30BE00CB87DE /* CoreVideo.framework */; };
		075C673B1BBA350200CB87DE /* game.cpp in Sources */ = {isa = PBXBuildFile; fileRef = 075C67391BBA350200CB87DE /* game.cpp */; };
		075C67401BBA3EE800CB87DE /* world.cpp in Sources */ = {isa = PBXBuildFile; fileRef = 075C673E1BBA3EE800CB87DE /* world.cpp */; };
		075C67431BBA41F000CB87DE /* player.cpp in Sources */ = {isa = PBXBuildFile; fileRef = 075C67411BBA41F000CB87DE /* player.cpp */; };
		075C67471BBA427B00CB87DE /* worldrender.cpp in Sources */ = {isa = PBXBuildFile; fileRef = 075C67451BBA427B00CB87DE /* worldrender.cpp */; };
		075C674C1BBA4AD600CB87DE /* playerrender.cpp in Sources */ = {isa = PBXBuildFile; fileRef = 075C674A1BBA4AD600CB87DE /* playerrender.cpp */; };
		075C67531BBA603D00CB87DE /* shader_loader.cpp in Sources */ = {isa = PBXBuildFile; fileRef = 075C67511BBA603D00CB87DE /* shader_loader.cpp */; };
		075C67661BBA78D600CB87DE /* display.cpp in Sources */ = {isa = PBXBuildFile; fileRef = 075C67641BBA78D600CB87DE /* display.cpp */; };
		075EA6D61BBDBE26001CC402 /* superobject.cpp in Sources */ = {isa = PBXBuildFile; fileRef = 075EA6D41BBDBE26001CC402 /* superobject.cpp */; };
		075EA6D91BBE078B001CC402 /* basic_types.cpp in Sources */ = {isa = PBXBuildFile; fileRef = 075EA6D81BBE078B001CC402 /* basic_types.cpp */; };
		076410711BC45EA300135EDC /* temporarytemplate.cpp in Sources */ = {isa = PBXBuildFile; fileRef = 0764106F1BC45EA300135EDC /* temporarytemplate.cpp */; };
		076410741BC48F7B00135EDC /* cursorblock.cpp in Sources */ = {isa = PBXBuildFile; fileRef = 076410721BC48F7B00135EDC /* cursorblock.cpp */; };
		076410771BC48F8B00135EDC /* cursoritem.cpp in Sources */ = {isa = PBXBuildFile; fileRef = 076410751BC48F8B00135EDC /* cursoritem.cpp */; };
		0764107A1BC48F9B00135EDC /* cursorsuperobject.cpp in Sources */ = {isa = PBXBuildFile; fileRef = 076410781BC48F9B00135EDC /* cursorsuperobject.cpp */; };
		0766EAEE1BBF74FD00477144 /* block.cpp in Sources */ = {isa = PBXBuildFile; fileRef = 0766EAEC1BBF74FD00477144 /* block.cpp */; };
		0766EAF11BBF75E900477144 /* superobjectrender.cpp in Sources */ = {isa = PBXBuildFile; fileRef = 0766EAEF1BBF75E900477144 /* superobjectrender.cpp */; };
		0766EAF51BBF7CDA00477144 /* tiles.png in CopyFiles */ = {isa = PBXBuildFile; fileRef = 0766EAF41BBF7CDA00477144 /* tiles.png */; };
		0766EAF81BBF7D1300477144 /* texture_loader.cpp in Sources */ = {isa = PBXBuildFile; fileRef = 0766EAF61BBF7D1300477144 /* texture_loader.cpp */; };
		0766EAFD1BBF7DBE00477144 /* image_DXT.c in Sources */ = {isa = PBXBuildFile; fileRef = 0766EAF91BBF7DBE00477144 /* image_DXT.c */; };
		0766EAFE1BBF7DBE00477144 /* image_helper.c in Sources */ = {isa = PBXBuildFile; fileRef = 0766EAFA1BBF7DBE00477144 /* image_helper.c */; };
		0766EAFF1BBF7DBE00477144 /* SOIL.c in Sources */ = {isa = PBXBuildFile; fileRef = 0766EAFB1BBF7DBE00477144 /* SOIL.c */; };
		0766EB001BBF7DBE00477144 /* stb_image_aug.c in Sources */ = {isa = PBXBuildFile; fileRef = 0766EAFC1BBF7DBE00477144 /* stb_image_aug.c */; };
		0766EB091BBF9CC900477144 /* base_world.cpp in Sources */ = {isa = PBXBuildFile; fileRef = 0766EB071BBF9CC900477144 /* base_world.cpp */; };
		0766EB121BC0BE9800477144 /* block_loader.cpp in Sources */ = {isa = PBXBuildFile; fileRef = 0766EB101BC0BE9800477144 /* block_loader.cpp */; };
		07C4260E1BBB18AB0045D796 /* frag_shader.glsl in CopyFiles */ = {isa = PBXBuildFile; fileRef = 07C4260C1BBB18AB0045D796 /* frag_shader.glsl */; };
		07C4260F1BBB18AB0045D796 /* vertex_shader.glsl in CopyFiles */ = {isa = PBXBuildFile; fileRef = 07C4260D1BBB18AB0045D796 /* vertex_shader.glsl */; };
		07C426391BBCB37E0045D796 /* program.cpp in Sources */ = {isa = PBXBuildFile; fileRef = 07C426371BBCB37E0045D796 /* program.cpp */; };
		07C4263B1BBCC5700045D796 /* chunkrender.cpp in Sources */ = {isa = PBXBuildFile; fileRef = 07C4263A1BBCC5700045D796 /* chunkrender.cpp */; };
/* End PBXBuildFile section */

/* Begin PBXCopyFilesBuildPhase section */
		075C675C1BBA6B1C00CB87DE /* CopyFiles */ = {
			isa = PBXCopyFilesBuildPhase;
			buildActionMask = 2147483647;
			dstPath = "";
			dstSubfolderSpec = 16;
			files = (
				0766EAF51BBF7CDA00477144 /* tiles.png in CopyFiles */,
				07C4260E1BBB18AB0045D796 /* frag_shader.glsl in CopyFiles */,
				07C4260F1BBB18AB0045D796 /* vertex_shader.glsl in CopyFiles */,
			);
			runOnlyForDeploymentPostprocessing = 0;
		};
/* End PBXCopyFilesBuildPhase section */

/* Begin PBXFileReference section */
		074B6C981BB9D2380065192B /* Bawk */ = {isa = PBXFileReference; explicitFileType = "compiled.mach-o.executable"; includeInIndex = 0; path = Bawk; sourceTree = BUILT_PRODUCTS_DIR; };
		074B6C9B1BB9D2380065192B /* main.cpp */ = {isa = PBXFileReference; lastKnownFileType = sourcecode.cpp.cpp; path = main.cpp; sourceTree = "<group>"; };
		074B6CA21BB9D2780065192B /* Cocoa.framework */ = {isa = PBXFileReference; lastKnownFileType = wrapper.framework; name = Cocoa.framework; path = System/Library/Frameworks/Cocoa.framework; sourceTree = SDKROOT; };
		074B6CA41BB9D27D0065192B /* OpenGL.framework */ = {isa = PBXFileReference; lastKnownFileType = wrapper.framework; name = OpenGL.framework; path = System/Library/Frameworks/OpenGL.framework; sourceTree = SDKROOT; };
		074B6CA61BB9D2850065192B /* GLUT.framework */ = {isa = PBXFileReference; lastKnownFileType = wrapper.framework; name = GLUT.framework; path = System/Library/Frameworks/GLUT.framework; sourceTree = SDKROOT; };
		075C67321BBA2FE200CB87DE /* libglfw3.a */ = {isa = PBXFileReference; lastKnownFileType = archive.ar; name = libglfw3.a; path = ../../../../../usr/local/lib/libglfw3.a; sourceTree = "<group>"; };
		075C67341BBA2FEC00CB87DE /* IOKit.framework */ = {isa = PBXFileReference; lastKnownFileType = wrapper.framework; name = IOKit.framework; path = System/Library/Frameworks/IOKit.framework; sourceTree = SDKROOT; };
		075C67361BBA30BE00CB87DE /* CoreVideo.framework */ = {isa = PBXFileReference; lastKnownFileType = wrapper.framework; name = CoreVideo.framework; path = System/Library/Frameworks/CoreVideo.framework; sourceTree = SDKROOT; };
		075C67391BBA350200CB87DE /* game.cpp */ = {isa = PBXFileReference; fileEncoding = 4; lastKnownFileType = sourcecode.cpp.cpp; path = game.cpp; sourceTree = "<group>"; };
		075C673A1BBA350200CB87DE /* game.h */ = {isa = PBXFileReference; fileEncoding = 4; lastKnownFileType = sourcecode.c.h; path = game.h; sourceTree = "<group>"; };
		075C673C1BBA3E0C00CB87DE /* template.h */ = {isa = PBXFileReference; lastKnownFileType = sourcecode.c.h; path = template.h; sourceTree = "<group>"; };
		075C673E1BBA3EE800CB87DE /* world.cpp */ = {isa = PBXFileReference; fileEncoding = 4; lastKnownFileType = sourcecode.cpp.cpp; path = world.cpp; sourceTree = "<group>"; };
		075C673F1BBA3EE800CB87DE /* world.h */ = {isa = PBXFileReference; fileEncoding = 4; lastKnownFileType = sourcecode.c.h; path = world.h; sourceTree = "<group>"; };
		075C67411BBA41F000CB87DE /* player.cpp */ = {isa = PBXFileReference; fileEncoding = 4; lastKnownFileType = sourcecode.cpp.cpp; path = player.cpp; sourceTree = "<group>"; };
		075C67421BBA41F000CB87DE /* player.h */ = {isa = PBXFileReference; fileEncoding = 4; lastKnownFileType = sourcecode.c.h; path = player.h; sourceTree = "<group>"; };
		075C67451BBA427B00CB87DE /* worldrender.cpp */ = {isa = PBXFileReference; fileEncoding = 4; lastKnownFileType = sourcecode.cpp.cpp; path = worldrender.cpp; sourceTree = "<group>"; };
		075C67461BBA427B00CB87DE /* worldrender.h */ = {isa = PBXFileReference; fileEncoding = 4; lastKnownFileType = sourcecode.c.h; path = worldrender.h; sourceTree = "<group>"; };
		075C674A1BBA4AD600CB87DE /* playerrender.cpp */ = {isa = PBXFileReference; fileEncoding = 4; lastKnownFileType = sourcecode.cpp.cpp; path = playerrender.cpp; sourceTree = "<group>"; };
		075C674B1BBA4AD600CB87DE /* playerrender.h */ = {isa = PBXFileReference; fileEncoding = 4; lastKnownFileType = sourcecode.c.h; path = playerrender.h; sourceTree = "<group>"; };
		075C674D1BBA53B300CB87DE /* chunkrender.h */ = {isa = PBXFileReference; lastKnownFileType = sourcecode.c.h; path = chunkrender.h; sourceTree = "<group>"; };
		075C67511BBA603D00CB87DE /* shader_loader.cpp */ = {isa = PBXFileReference; fileEncoding = 4; lastKnownFileType = sourcecode.cpp.cpp; path = shader_loader.cpp; sourceTree = "<group>"; };
		075C67521BBA603D00CB87DE /* shader_loader.h */ = {isa = PBXFileReference; fileEncoding = 4; lastKnownFileType = sourcecode.c.h; path = shader_loader.h; sourceTree = "<group>"; };
		075C67541BBA62B300CB87DE /* settings.h */ = {isa = PBXFileReference; lastKnownFileType = sourcecode.c.h; path = settings.h; sourceTree = "<group>"; };
		075C67641BBA78D600CB87DE /* display.cpp */ = {isa = PBXFileReference; fileEncoding = 4; lastKnownFileType = sourcecode.cpp.cpp; path = display.cpp; sourceTree = "<group>"; };
		075C67651BBA78D600CB87DE /* display.h */ = {isa = PBXFileReference; fileEncoding = 4; lastKnownFileType = sourcecode.c.h; path = display.h; sourceTree = "<group>"; };
		075EA6D41BBDBE26001CC402 /* superobject.cpp */ = {isa = PBXFileReference; fileEncoding = 4; lastKnownFileType = sourcecode.cpp.cpp; path = superobject.cpp; sourceTree = "<group>"; };
		075EA6D51BBDBE26001CC402 /* superobject.h */ = {isa = PBXFileReference; fileEncoding = 4; lastKnownFileType = sourcecode.c.h; path = superobject.h; sourceTree = "<group>"; };
		075EA6D71BBDC878001CC402 /* basic_types.h */ = {isa = PBXFileReference; lastKnownFileType = sourcecode.c.h; path = basic_types.h; sourceTree = "<group>"; };
		075EA6D81BBE078B001CC402 /* basic_types.cpp */ = {isa = PBXFileReference; fileEncoding = 4; lastKnownFileType = sourcecode.cpp.cpp; path = basic_types.cpp; sourceTree = "<group>"; };
		0764106F1BC45EA300135EDC /* temporarytemplate.cpp */ = {isa = PBXFileReference; fileEncoding = 4; lastKnownFileType = sourcecode.cpp.cpp; path = temporarytemplate.cpp; sourceTree = "<group>"; };
		076410701BC45EA300135EDC /* temporarytemplate.h */ = {isa = PBXFileReference; fileEncoding = 4; lastKnownFileType = sourcecode.c.h; path = temporarytemplate.h; sourceTree = "<group>"; };
		076410721BC48F7B00135EDC /* cursorblock.cpp */ = {isa = PBXFileReference; fileEncoding = 4; lastKnownFileType = sourcecode.cpp.cpp; path = cursorblock.cpp; sourceTree = "<group>"; };
		076410731BC48F7B00135EDC /* cursorblock.h */ = {isa = PBXFileReference; fileEncoding = 4; lastKnownFileType = sourcecode.c.h; path = cursorblock.h; sourceTree = "<group>"; };
		076410751BC48F8B00135EDC /* cursoritem.cpp */ = {isa = PBXFileReference; fileEncoding = 4; lastKnownFileType = sourcecode.cpp.cpp; path = cursoritem.cpp; sourceTree = "<group>"; };
		076410761BC48F8B00135EDC /* cursoritem.h */ = {isa = PBXFileReference; fileEncoding = 4; lastKnownFileType = sourcecode.c.h; path = cursoritem.h; sourceTree = "<group>"; };
		076410781BC48F9B00135EDC /* cursorsuperobject.cpp */ = {isa = PBXFileReference; fileEncoding = 4; lastKnownFileType = sourcecode.cpp.cpp; path = cursorsuperobject.cpp; sourceTree = "<group>"; };
		076410791BC48F9B00135EDC /* cursorsuperobject.h */ = {isa = PBXFileReference; fileEncoding = 4; lastKnownFileType = sourcecode.c.h; path = cursorsuperobject.h; sourceTree = "<group>"; };
		0766EAEC1BBF74FD00477144 /* block.cpp */ = {isa = PBXFileReference; fileEncoding = 4; lastKnownFileType = sourcecode.cpp.cpp; path = block.cpp; sourceTree = "<group>"; };
		0766EAED1BBF74FD00477144 /* block.h */ = {isa = PBXFileReference; fileEncoding = 4; lastKnownFileType = sourcecode.c.h; path = block.h; sourceTree = "<group>"; };
		0766EAEF1BBF75E900477144 /* superobjectrender.cpp */ = {isa = PBXFileReference; fileEncoding = 4; lastKnownFileType = sourcecode.cpp.cpp; path = superobjectrender.cpp; sourceTree = "<group>"; };
		0766EAF01BBF75E900477144 /* superobjectrender.h */ = {isa = PBXFileReference; fileEncoding = 4; lastKnownFileType = sourcecode.c.h; path = superobjectrender.h; sourceTree = "<group>"; };
		0766EAF41BBF7CDA00477144 /* tiles.png */ = {isa = PBXFileReference; lastKnownFileType = image.png; path = tiles.png; sourceTree = "<group>"; };
		0766EAF61BBF7D1300477144 /* texture_loader.cpp */ = {isa = PBXFileReference; fileEncoding = 4; lastKnownFileType = sourcecode.cpp.cpp; path = texture_loader.cpp; sourceTree = "<group>"; };
		0766EAF71BBF7D1300477144 /* texture_loader.h */ = {isa = PBXFileReference; fileEncoding = 4; lastKnownFileType = sourcecode.c.h; path = texture_loader.h; sourceTree = "<group>"; };
		0766EAF91BBF7DBE00477144 /* image_DXT.c */ = {isa = PBXFileReference; lastKnownFileType = sourcecode.c.c; path = image_DXT.c; sourceTree = "<group>"; };
		0766EAFA1BBF7DBE00477144 /* image_helper.c */ = {isa = PBXFileReference; lastKnownFileType = sourcecode.c.c; path = image_helper.c; sourceTree = "<group>"; };
		0766EAFB1BBF7DBE00477144 /* SOIL.c */ = {isa = PBXFileReference; lastKnownFileType = sourcecode.c.c; path = SOIL.c; sourceTree = "<group>"; };
		0766EAFC1BBF7DBE00477144 /* stb_image_aug.c */ = {isa = PBXFileReference; lastKnownFileType = sourcecode.c.c; path = stb_image_aug.c; sourceTree = "<group>"; };
		0766EB011BBF7E7200477144 /* image_DXT.h */ = {isa = PBXFileReference; lastKnownFileType = sourcecode.c.h; path = image_DXT.h; sourceTree = "<group>"; };
		0766EB021BBF7E7200477144 /* image_helper.h */ = {isa = PBXFileReference; lastKnownFileType = sourcecode.c.h; path = image_helper.h; sourceTree = "<group>"; };
		0766EB031BBF7E7200477144 /* SOIL.h */ = {isa = PBXFileReference; lastKnownFileType = sourcecode.c.h; path = SOIL.h; sourceTree = "<group>"; };
		0766EB041BBF7E7200477144 /* stb_image_aug.h */ = {isa = PBXFileReference; lastKnownFileType = sourcecode.c.h; path = stb_image_aug.h; sourceTree = "<group>"; };
		0766EB051BBF7E7200477144 /* stbi_DDS_aug_c.h */ = {isa = PBXFileReference; lastKnownFileType = sourcecode.c.h; path = stbi_DDS_aug_c.h; sourceTree = "<group>"; };
		0766EB061BBF7E7200477144 /* stbi_DDS_aug.h */ = {isa = PBXFileReference; lastKnownFileType = sourcecode.c.h; path = stbi_DDS_aug.h; sourceTree = "<group>"; };
		0766EB071BBF9CC900477144 /* base_world.cpp */ = {isa = PBXFileReference; fileEncoding = 4; lastKnownFileType = sourcecode.cpp.cpp; path = base_world.cpp; sourceTree = "<group>"; };
		0766EB081BBF9CC900477144 /* base_world.h */ = {isa = PBXFileReference; fileEncoding = 4; lastKnownFileType = sourcecode.c.h; path = base_world.h; sourceTree = "<group>"; };
		0766EB101BC0BE9800477144 /* block_loader.cpp */ = {isa = PBXFileReference; fileEncoding = 4; lastKnownFileType = sourcecode.cpp.cpp; path = block_loader.cpp; sourceTree = "<group>"; };
		0766EB111BC0BE9800477144 /* block_loader.h */ = {isa = PBXFileReference; fileEncoding = 4; lastKnownFileType = sourcecode.c.h; path = block_loader.h; sourceTree = "<group>"; };
		07C4260C1BBB18AB0045D796 /* frag_shader.glsl */ = {isa = PBXFileReference; lastKnownFileType = text; name = frag_shader.glsl; path = Bawk/frag_shader.glsl; sourceTree = "<group>"; };
		07C4260D1BBB18AB0045D796 /* vertex_shader.glsl */ = {isa = PBXFileReference; lastKnownFileType = text; name = vertex_shader.glsl; path = Bawk/vertex_shader.glsl; sourceTree = "<group>"; };
		07C426101BBB2B110045D796 /* glm */ = {isa = PBXFileReference; lastKnownFileType = folder; path = glm; sourceTree = "<group>"; };
		07C426361BBCB2060045D796 /* displayable.h */ = {isa = PBXFileReference; lastKnownFileType = sourcecode.c.h; path = displayable.h; sourceTree = "<group>"; };
		07C426371BBCB37E0045D796 /* program.cpp */ = {isa = PBXFileReference; fileEncoding = 4; lastKnownFileType = sourcecode.cpp.cpp; path = program.cpp; sourceTree = "<group>"; };
		07C426381BBCB37E0045D796 /* program.h */ = {isa = PBXFileReference; fileEncoding = 4; lastKnownFileType = sourcecode.c.h; path = program.h; sourceTree = "<group>"; };
		07C4263A1BBCC5700045D796 /* chunkrender.cpp */ = {isa = PBXFileReference; fileEncoding = 4; lastKnownFileType = sourcecode.cpp.cpp; path = chunkrender.cpp; sourceTree = "<group>"; };
/* End PBXFileReference section */

/* Begin PBXFrameworksBuildPhase section */
		074B6C951BB9D2380065192B /* Frameworks */ = {
			isa = PBXFrameworksBuildPhase;
			buildActionMask = 2147483647;
			files = (
				075C67371BBA30BE00CB87DE /* CoreVideo.framework in Frameworks */,
				075C67351BBA2FEC00CB87DE /* IOKit.framework in Frameworks */,
				075C67331BBA2FE200CB87DE /* libglfw3.a in Frameworks */,
				074B6CA51BB9D27D0065192B /* OpenGL.framework in Frameworks */,
				074B6CA31BB9D2780065192B /* Cocoa.framework in Frameworks */,
			);
			runOnlyForDeploymentPostprocessing = 0;
		};
/* End PBXFrameworksBuildPhase section */

/* Begin PBXGroup section */
		074B6C8F1BB9D2380065192B = {
			isa = PBXGroup;
			children = (
				0766EB011BBF7E7200477144 /* image_DXT.h */,
				0766EB021BBF7E7200477144 /* image_helper.h */,
				0766EB031BBF7E7200477144 /* SOIL.h */,
				0766EB041BBF7E7200477144 /* stb_image_aug.h */,
				0766EB051BBF7E7200477144 /* stbi_DDS_aug_c.h */,
				0766EB061BBF7E7200477144 /* stbi_DDS_aug.h */,
				0766EAF91BBF7DBE00477144 /* image_DXT.c */,
				0766EAFA1BBF7DBE00477144 /* image_helper.c */,
				0766EAFB1BBF7DBE00477144 /* SOIL.c */,
				0766EAFC1BBF7DBE00477144 /* stb_image_aug.c */,
				0766EAF41BBF7CDA00477144 /* tiles.png */,
				07C4260C1BBB18AB0045D796 /* frag_shader.glsl */,
				07C4260D1BBB18AB0045D796 /* vertex_shader.glsl */,
				07C426101BBB2B110045D796 /* glm */,
				075C67361BBA30BE00CB87DE /* CoreVideo.framework */,
				075C67341BBA2FEC00CB87DE /* IOKit.framework */,
				075C67321BBA2FE200CB87DE /* libglfw3.a */,
				074B6CA61BB9D2850065192B /* GLUT.framework */,
				074B6CA41BB9D27D0065192B /* OpenGL.framework */,
				074B6C9A1BB9D2380065192B /* Bawk */,
				074B6C991BB9D2380065192B /* Products */,
			);
			sourceTree = "<group>";
		};
		074B6C991BB9D2380065192B /* Products */ = {
			isa = PBXGroup;
			children = (
				074B6C981BB9D2380065192B /* Bawk */,
			);
			name = Products;
			sourceTree = "<group>";
		};
		074B6C9A1BB9D2380065192B /* Bawk */ = {
			isa = PBXGroup;
			children = (
				074B6CA21BB9D2780065192B /* Cocoa.framework */,
				075C67631BBA78C800CB87DE /* display */,
				075C67551BBA695900CB87DE /* asset_loaders */,
				075C67441BBA426000CB87DE /* render */,
				075C673D1BBA3ED700CB87DE /* entities */,
				075C67381BBA34C700CB87DE /* game */,
				074B6C9B1BB9D2380065192B /* main.cpp */,
				075C673C1BBA3E0C00CB87DE /* template.h */,
				075C67541BBA62B300CB87DE /* settings.h */,
				07C426371BBCB37E0045D796 /* program.cpp */,
				07C426381BBCB37E0045D796 /* program.h */,
				075EA6D71BBDC878001CC402 /* basic_types.h */,
				075EA6D81BBE078B001CC402 /* basic_types.cpp */,
			);
			path = Bawk;
			sourceTree = "<group>";
		};
		075C67381BBA34C700CB87DE /* game */ = {
			isa = PBXGroup;
			children = (
				075C67391BBA350200CB87DE /* game.cpp */,
				075C673A1BBA350200CB87DE /* game.h */,
				07C426361BBCB2060045D796 /* displayable.h */,
			);
			name = game;
			sourceTree = "<group>";
		};
		075C673D1BBA3ED700CB87DE /* entities */ = {
			isa = PBXGroup;
			children = (
				075C673E1BBA3EE800CB87DE /* world.cpp */,
				075C673F1BBA3EE800CB87DE /* world.h */,
				075C67411BBA41F000CB87DE /* player.cpp */,
				075C67421BBA41F000CB87DE /* player.h */,
				075EA6D41BBDBE26001CC402 /* superobject.cpp */,
				075EA6D51BBDBE26001CC402 /* superobject.h */,
				0766EAEC1BBF74FD00477144 /* block.cpp */,
				0766EAED1BBF74FD00477144 /* block.h */,
				0766EB071BBF9CC900477144 /* base_world.cpp */,
				0766EB081BBF9CC900477144 /* base_world.h */,
				0764106F1BC45EA300135EDC /* temporarytemplate.cpp */,
				076410701BC45EA300135EDC /* temporarytemplate.h */,
				076410721BC48F7B00135EDC /* cursorblock.cpp */,
				076410731BC48F7B00135EDC /* cursorblock.h */,
				076410751BC48F8B00135EDC /* cursoritem.cpp */,
				076410761BC48F8B00135EDC /* cursoritem.h */,
				076410781BC48F9B00135EDC /* cursorsuperobject.cpp */,
				076410791BC48F9B00135EDC /* cursorsuperobject.h */,
			);
			name = entities;
			sourceTree = "<group>";
		};
		075C67441BBA426000CB87DE /* render */ = {
			isa = PBXGroup;
			children = (
				075C67451BBA427B00CB87DE /* worldrender.cpp */,
				075C67461BBA427B00CB87DE /* worldrender.h */,
				075C674A1BBA4AD600CB87DE /* playerrender.cpp */,
				075C674B1BBA4AD600CB87DE /* playerrender.h */,
				075C674D1BBA53B300CB87DE /* chunkrender.h */,
				07C4263A1BBCC5700045D796 /* chunkrender.cpp */,
				0766EAEF1BBF75E900477144 /* superobjectrender.cpp */,
				0766EAF01BBF75E900477144 /* superobjectrender.h */,
			);
			name = render;
			sourceTree = "<group>";
		};
		075C67551BBA695900CB87DE /* asset_loaders */ = {
			isa = PBXGroup;
			children = (
				075C67511BBA603D00CB87DE /* shader_loader.cpp */,
				075C67521BBA603D00CB87DE /* shader_loader.h */,
				0766EAF61BBF7D1300477144 /* texture_loader.cpp */,
				0766EAF71BBF7D1300477144 /* texture_loader.h */,
				0766EB101BC0BE9800477144 /* block_loader.cpp */,
				0766EB111BC0BE9800477144 /* block_loader.h */,
			);
			name = asset_loaders;
			sourceTree = "<group>";
		};
		075C67631BBA78C800CB87DE /* display */ = {
			isa = PBXGroup;
			children = (
				075C67641BBA78D600CB87DE /* display.cpp */,
				075C67651BBA78D600CB87DE /* display.h */,
			);
			name = display;
			sourceTree = "<group>";
		};
/* End PBXGroup section */

/* Begin PBXNativeTarget section */
		074B6C971BB9D2380065192B /* Bawk */ = {
			isa = PBXNativeTarget;
			buildConfigurationList = 074B6C9F1BB9D2380065192B /* Build configuration list for PBXNativeTarget "Bawk" */;
			buildPhases = (
				074B6C941BB9D2380065192B /* Sources */,
				074B6C951BB9D2380065192B /* Frameworks */,
				075C675C1BBA6B1C00CB87DE /* CopyFiles */,
			);
			buildRules = (
			);
			dependencies = (
			);
			name = Bawk;
			productName = Bawk;
			productReference = 074B6C981BB9D2380065192B /* Bawk */;
			productType = "com.apple.product-type.tool";
		};
/* End PBXNativeTarget section */

/* Begin PBXProject section */
		074B6C901BB9D2380065192B /* Project object */ = {
			isa = PBXProject;
			attributes = {
				LastUpgradeCheck = 0640;
				ORGANIZATIONNAME = "Eric Oh";
				TargetAttributes = {
					074B6C971BB9D2380065192B = {
						CreatedOnToolsVersion = 6.4;
					};
				};
			};
			buildConfigurationList = 074B6C931BB9D2380065192B /* Build configuration list for PBXProject "Bawk" */;
			compatibilityVersion = "Xcode 3.2";
			developmentRegion = English;
			hasScannedForEncodings = 0;
			knownRegions = (
				en,
			);
			mainGroup = 074B6C8F1BB9D2380065192B;
			productRefGroup = 074B6C991BB9D2380065192B /* Products */;
			projectDirPath = "";
			projectRoot = "";
			targets = (
				074B6C971BB9D2380065192B /* Bawk */,
			);
		};
/* End PBXProject section */

/* Begin PBXSourcesBuildPhase section */
		074B6C941BB9D2380065192B /* Sources */ = {
			isa = PBXSourcesBuildPhase;
			buildActionMask = 2147483647;
			files = (
				0766EAFD1BBF7DBE00477144 /* image_DXT.c in Sources */,
				0766EAFE1BBF7DBE00477144 /* image_helper.c in Sources */,
				0764107A1BC48F9B00135EDC /* cursorsuperobject.cpp in Sources */,
				0766EAFF1BBF7DBE00477144 /* SOIL.c in Sources */,
				0766EB001BBF7DBE00477144 /* stb_image_aug.c in Sources */,
				075C67531BBA603D00CB87DE /* shader_loader.cpp in Sources */,
				0766EB091BBF9CC900477144 /* base_world.cpp in Sources */,
				07C426391BBCB37E0045D796 /* program.cpp in Sources */,
				0766EAF11BBF75E900477144 /* superobjectrender.cpp in Sources */,
				075EA6D91BBE078B001CC402 /* basic_types.cpp in Sources */,
				075C67431BBA41F000CB87DE /* player.cpp in Sources */,
				0766EAEE1BBF74FD00477144 /* block.cpp in Sources */,
				0766EB121BC0BE9800477144 /* block_loader.cpp in Sources */,
				075C67661BBA78D600CB87DE /* display.cpp in Sources */,
				075C67471BBA427B00CB87DE /* worldrender.cpp in Sources */,
				075C674C1BBA4AD600CB87DE /* playerrender.cpp in Sources */,
				074B6C9C1BB9D2380065192B /* main.cpp in Sources */,
				076410741BC48F7B00135EDC /* cursorblock.cpp in Sources */,
				0766EAF81BBF7D1300477144 /* texture_loader.cpp in Sources */,
				076410711BC45EA300135EDC /* temporarytemplate.cpp in Sources */,
				075C67401BBA3EE800CB87DE /* world.cpp in Sources */,
				076410771BC48F8B00135EDC /* cursoritem.cpp in Sources */,
				075EA6D61BBDBE26001CC402 /* superobject.cpp in Sources */,
				075C673B1BBA350200CB87DE /* game.cpp in Sources */,
				07C4263B1BBCC5700045D796 /* chunkrender.cpp in Sources */,
			);
			runOnlyForDeploymentPostprocessing = 0;
		};
/* End PBXSourcesBuildPhase section */

/* Begin XCBuildConfiguration section */
		074B6C9D1BB9D2380065192B /* Debug */ = {
			isa = XCBuildConfiguration;
			buildSettings = {
				ALWAYS_SEARCH_USER_PATHS = NO;
				CLANG_CXX_LANGUAGE_STANDARD = "gnu++0x";
				CLANG_CXX_LIBRARY = "libc++";
				CLANG_ENABLE_MODULES = YES;
				CLANG_ENABLE_OBJC_ARC = YES;
				CLANG_WARN_BOOL_CONVERSION = YES;
				CLANG_WARN_CONSTANT_CONVERSION = YES;
				CLANG_WARN_DIRECT_OBJC_ISA_USAGE = YES_ERROR;
				CLANG_WARN_EMPTY_BODY = YES;
				CLANG_WARN_ENUM_CONVERSION = YES;
				CLANG_WARN_INT_CONVERSION = YES;
				CLANG_WARN_OBJC_ROOT_CLASS = YES_ERROR;
				CLANG_WARN_UNREACHABLE_CODE = YES;
				CLANG_WARN__DUPLICATE_METHOD_MATCH = YES;
				COPY_PHASE_STRIP = NO;
				DEBUG_INFORMATION_FORMAT = dwarf;
				ENABLE_STRICT_OBJC_MSGSEND = YES;
				GCC_C_LANGUAGE_STANDARD = gnu99;
				GCC_DYNAMIC_NO_PIC = NO;
				GCC_NO_COMMON_BLOCKS = YES;
				GCC_OPTIMIZATION_LEVEL = 0;
				GCC_PREPROCESSOR_DEFINITIONS = (
					"DEBUG=1",
					"$(inherited)",
				);
				GCC_SYMBOLS_PRIVATE_EXTERN = NO;
				GCC_WARN_64_TO_32_BIT_CONVERSION = YES;
				GCC_WARN_ABOUT_RETURN_TYPE = YES_ERROR;
				GCC_WARN_UNDECLARED_SELECTOR = YES;
				GCC_WARN_UNINITIALIZED_AUTOS = YES_AGGRESSIVE;
				GCC_WARN_UNUSED_FUNCTION = YES;
				GCC_WARN_UNUSED_VARIABLE = YES;
				MACOSX_DEPLOYMENT_TARGET = 10.10;
				MTL_ENABLE_DEBUG_INFO = YES;
				ONLY_ACTIVE_ARCH = YES;
				SDKROOT = macosx;
			};
			name = Debug;
		};
		074B6C9E1BB9D2380065192B /* Release */ = {
			isa = XCBuildConfiguration;
			buildSettings = {
				ALWAYS_SEARCH_USER_PATHS = NO;
				CLANG_CXX_LANGUAGE_STANDARD = "gnu++0x";
				CLANG_CXX_LIBRARY = "libc++";
				CLANG_ENABLE_MODULES = YES;
				CLANG_ENABLE_OBJC_ARC = YES;
				CLANG_WARN_BOOL_CONVERSION = YES;
				CLANG_WARN_CONSTANT_CONVERSION = YES;
				CLANG_WARN_DIRECT_OBJC_ISA_USAGE = YES_ERROR;
				CLANG_WARN_EMPTY_BODY = YES;
				CLANG_WARN_ENUM_CONVERSION = YES;
				CLANG_WARN_INT_CONVERSION = YES;
				CLANG_WARN_OBJC_ROOT_CLASS = YES_ERROR;
				CLANG_WARN_UNREACHABLE_CODE = YES;
				CLANG_WARN__DUPLICATE_METHOD_MATCH = YES;
				COPY_PHASE_STRIP = NO;
				DEBUG_INFORMATION_FORMAT = "dwarf-with-dsym";
				ENABLE_NS_ASSERTIONS = NO;
				ENABLE_STRICT_OBJC_MSGSEND = YES;
				GCC_C_LANGUAGE_STANDARD = gnu99;
				GCC_NO_COMMON_BLOCKS = YES;
				GCC_WARN_64_TO_32_BIT_CONVERSION = YES;
				GCC_WARN_ABOUT_RETURN_TYPE = YES_ERROR;
				GCC_WARN_UNDECLARED_SELECTOR = YES;
				GCC_WARN_UNINITIALIZED_AUTOS = YES_AGGRESSIVE;
				GCC_WARN_UNUSED_FUNCTION = YES;
				GCC_WARN_UNUSED_VARIABLE = YES;
				MACOSX_DEPLOYMENT_TARGET = 10.10;
				MTL_ENABLE_DEBUG_INFO = NO;
				SDKROOT = macosx;
			};
			name = Release;
		};
		074B6CA01BB9D2380065192B /* Debug */ = {
			isa = XCBuildConfiguration;
			buildSettings = {
				HEADER_SEARCH_PATHS = (
					"$(inherited)",
					/Applications/Xcode.app/Contents/Developer/Toolchains/XcodeDefault.xctoolchain/usr/include,
					/usr/local/include,
					$SOURCE_ROOT,
				);
				LIBRARY_SEARCH_PATHS = (
					/usr/local/lib,
					/Users/Eric/Documents/dev/Simple,
					OpenGL,
					Image,
					Library/lib,
				);
				PRODUCT_NAME = "$(TARGET_NAME)";
			};
			name = Debug;
		};
		074B6CA11BB9D2380065192B /* Release */ = {
			isa = XCBuildConfiguration;
			buildSettings = {
				HEADER_SEARCH_PATHS = (
					"$(inherited)",
					/Applications/Xcode.app/Contents/Developer/Toolchains/XcodeDefault.xctoolchain/usr/include,
					/usr/local/include,
					$SOURCE_ROOT,
				);
				LIBRARY_SEARCH_PATHS = (
					/usr/local/lib,
					/Users/Eric/Documents/dev/Simple,
					OpenGL,
					Image,
					Library/lib,
				);
				PRODUCT_NAME = "$(TARGET_NAME)";
			};
			name = Release;
		};
/* End XCBuildConfiguration section */

/* Begin XCConfigurationList section */
		074B6C931BB9D2380065192B /* Build configuration list for PBXProject "Bawk" */ = {
			isa = XCConfigurationList;
			buildConfigurations = (
				074B6C9D1BB9D2380065192B /* Debug */,
				074B6C9E1BB9D2380065192B /* Release */,
			);
			defaultConfigurationIsVisible = 0;
			defaultConfigurationName = Release;
		};
		074B6C9F1BB9D2380065192B /* Build configuration list for PBXNativeTarget "Bawk" */ = {
			isa = XCConfigurationList;
			buildConfigurations = (
				074B6CA01BB9D2380065192B /* Debug */,
				074B6CA11BB9D2380065192B /* Release */,
			);
			defaultConfigurationIsVisible = 0;
			defaultConfigurationName = Release;
		};
/* End XCConfigurationList section */
	};
	rootObject = 074B6C901BB9D2380065192B /* Project object */;
}
